
Microsoft Visual Studio Solution File, Format Version 12.00
# Visual Studio Version 17
VisualStudioVersion = 17.0.31912.275
MinimumVisualStudioVersion = 10.0.40219.1
Project("{FAE04EC0-301F-11D3-BF4B-00C04F79EFBC}") = "CircuitBreakerSample", "CircuitBreakerSample\CircuitBreakerSample.csproj", "{AA2651BD-080E-4B69-8C6A-A6DA1B2B4C9F}"
EndProject
Global
	GlobalSection(SolutionConfigurationPlatforms) = preSolution
		Debug|Any CPU = Debug|Any CPU
		Release|Any CPU = Release|Any CPU
	EndGlobalSection
	GlobalSection(ProjectConfigurationPlatforms) = postSolution
		{AA2651BD-080E-4B69-8C6A-A6DA1B2B4C9F}.Debug|Any CPU.ActiveCfg = Debug|Any CPU
		{AA2651BD-080E-4B69-8C6A-A6DA1B2B4C9F}.Debug|Any CPU.Build.0 = Debug|Any CPU
		{AA2651BD-080E-4B69-8C6A-A6DA1B2B4C9F}.Release|Any CPU.ActiveCfg = Release|Any CPU
		{AA2651BD-080E-4B69-8C6A-A6DA1B2B4C9F}.Release|Any CPU.Build.0 = Release|Any CPU
	EndGlobalSection
	GlobalSection(SolutionProperties) = preSolution
		HideSolutionNode = FALSE
	EndGlobalSection
	GlobalSection(ExtensibilityGlobals) = postSolution
		SolutionGuid = {F02EAAE9-843A-414B-9532-F6658274484A}
	EndGlobalSection
EndGlobal
